
Microsoft Visual Studio Solution File, Format Version 12.00
# Visual Studio Version 17
VisualStudioVersion = 17.7.34018.315
MinimumVisualStudioVersion = 10.0.40219.1
Project("{FAE04EC0-301F-11D3-BF4B-00C04F79EFBC}") = "MeuEmprestimosLivros", "MeuEmprestimosLivros\MeuEmprestimosLivros.csproj", "{1D537B77-FA3F-40AD-893E-29ABADA80CFC}"
EndProject
Global
	GlobalSection(SolutionConfigurationPlatforms) = preSolution
		Debug|Any CPU = Debug|Any CPU
		Release|Any CPU = Release|Any CPU
	EndGlobalSection
	GlobalSection(ProjectConfigurationPlatforms) = postSolution
		{1D537B77-FA3F-40AD-893E-29ABADA80CFC}.Debug|Any CPU.ActiveCfg = Debug|Any CPU
		{1D537B77-FA3F-40AD-893E-29ABADA80CFC}.Debug|Any CPU.Build.0 = Debug|Any CPU
		{1D537B77-FA3F-40AD-893E-29ABADA80CFC}.Release|Any CPU.ActiveCfg = Release|Any CPU
		{1D537B77-FA3F-40AD-893E-29ABADA80CFC}.Release|Any CPU.Build.0 = Release|Any CPU
	EndGlobalSection
	GlobalSection(SolutionProperties) = preSolution
		HideSolutionNode = FALSE
	EndGlobalSection
	GlobalSection(ExtensibilityGlobals) = postSolution
		SolutionGuid = {31CB0011-FA2F-48CE-99A9-4E0356D4515E}
	EndGlobalSection
EndGlobal
